// !$*UTF8*$!
{
	archiveVersion = 1;
	classes = {
	};
	objectVersion = 50;
	objects = {

/* Begin PBXBuildFile section */
		F20DDD052566B7BC008381B9 /* AppDelegate.swift in Sources */ = {isa = PBXBuildFile; fileRef = F20DDD042566B7BC008381B9 /* AppDelegate.swift */; };
		F20DDD0C2566B7BC008381B9 /* Main.storyboard in Resources */ = {isa = PBXBuildFile; fileRef = F20DDD0A2566B7BC008381B9 /* Main.storyboard */; };
		F20DDD0F2566B7BC008381B9 /* SwiftNews.xcdatamodeld in Sources */ = {isa = PBXBuildFile; fileRef = F20DDD0D2566B7BC008381B9 /* SwiftNews.xcdatamodeld */; };
		F20DDD112566B7BD008381B9 /* Assets.xcassets in Resources */ = {isa = PBXBuildFile; fileRef = F20DDD102566B7BD008381B9 /* Assets.xcassets */; };
		F20DDD142566B7BD008381B9 /* LaunchScreen.storyboard in Resources */ = {isa = PBXBuildFile; fileRef = F20DDD122566B7BD008381B9 /* LaunchScreen.storyboard */; };
		F20DDD222566BAA0008381B9 /* MainViewController.swift in Sources */ = {isa = PBXBuildFile; fileRef = F20DDD212566BAA0008381B9 /* MainViewController.swift */; };
		F20DDD292566BB11008381B9 /* Loader.swift in Sources */ = {isa = PBXBuildFile; fileRef = F20DDD282566BB11008381B9 /* Loader.swift */; };
		F20DDD2D2566BB33008381B9 /* Alert.swift in Sources */ = {isa = PBXBuildFile; fileRef = F20DDD2C2566BB33008381B9 /* Alert.swift */; };
		F20DDD302566BB55008381B9 /* InternetConnection.swift in Sources */ = {isa = PBXBuildFile; fileRef = F20DDD2F2566BB55008381B9 /* InternetConnection.swift */; };
		F20DDD332566BB6F008381B9 /* Constants.swift in Sources */ = {isa = PBXBuildFile; fileRef = F20DDD322566BB6F008381B9 /* Constants.swift */; };
		F20DDD362566BB8B008381B9 /* NetworkManager.swift in Sources */ = {isa = PBXBuildFile; fileRef = F20DDD352566BB8B008381B9 /* NetworkManager.swift */; };
		F20DDD392566BC07008381B9 /* News.swift in Sources */ = {isa = PBXBuildFile; fileRef = F20DDD382566BC07008381B9 /* News.swift */; };
		F20DDD3C2566BC19008381B9 /* Gif.swift in Sources */ = {isa = PBXBuildFile; fileRef = F20DDD3B2566BC19008381B9 /* Gif.swift */; };
		F20DDD3F2566BC2A008381B9 /* Variants.swift in Sources */ = {isa = PBXBuildFile; fileRef = F20DDD3E2566BC2A008381B9 /* Variants.swift */; };
		F20DDD422566BC3E008381B9 /* Image.swift in Sources */ = {isa = PBXBuildFile; fileRef = F20DDD412566BC3E008381B9 /* Image.swift */; };
		F20DDD452566BC4F008381B9 /* Source.swift in Sources */ = {isa = PBXBuildFile; fileRef = F20DDD442566BC4E008381B9 /* Source.swift */; };
		F20DDD482566BC6D008381B9 /* ChildData.swift in Sources */ = {isa = PBXBuildFile; fileRef = F20DDD472566BC6D008381B9 /* ChildData.swift */; };
		F20DDD4B2566BC8C008381B9 /* NewsData.swift in Sources */ = {isa = PBXBuildFile; fileRef = F20DDD4A2566BC8C008381B9 /* NewsData.swift */; };
		F20DDD4E2566BC9C008381B9 /* Child.swift in Sources */ = {isa = PBXBuildFile; fileRef = F20DDD4D2566BC9C008381B9 /* Child.swift */; };
		F20DDD512566BCAC008381B9 /* Preview.swift in Sources */ = {isa = PBXBuildFile; fileRef = F20DDD502566BCAC008381B9 /* Preview.swift */; };
		F20DDD542566C36B008381B9 /* MainTableViewCell.swift in Sources */ = {isa = PBXBuildFile; fileRef = F20DDD532566C36B008381B9 /* MainTableViewCell.swift */; };
		F20DDD572566C608008381B9 /* ArticleViewController.swift in Sources */ = {isa = PBXBuildFile; fileRef = F20DDD562566C608008381B9 /* ArticleViewController.swift */; };
/* End PBXBuildFile section */

/* Begin PBXFileReference section */
		F20DDD012566B7BC008381B9 /* SwiftNews.app */ = {isa = PBXFileReference; explicitFileType = wrapper.application; includeInIndex = 0; path = SwiftNews.app; sourceTree = BUILT_PRODUCTS_DIR; };
		F20DDD042566B7BC008381B9 /* AppDelegate.swift */ = {isa = PBXFileReference; lastKnownFileType = sourcecode.swift; path = AppDelegate.swift; sourceTree = "<group>"; };
		F20DDD0B2566B7BC008381B9 /* Base */ = {isa = PBXFileReference; lastKnownFileType = file.storyboard; name = Base; path = Base.lproj/Main.storyboard; sourceTree = "<group>"; };
		F20DDD0E2566B7BC008381B9 /* SwiftNews.xcdatamodel */ = {isa = PBXFileReference; lastKnownFileType = wrapper.xcdatamodel; path = SwiftNews.xcdatamodel; sourceTree = "<group>"; };
		F20DDD102566B7BD008381B9 /* Assets.xcassets */ = {isa = PBXFileReference; lastKnownFileType = folder.assetcatalog; path = Assets.xcassets; sourceTree = "<group>"; };
		F20DDD132566B7BD008381B9 /* Base */ = {isa = PBXFileReference; lastKnownFileType = file.storyboard; name = Base; path = Base.lproj/LaunchScreen.storyboard; sourceTree = "<group>"; };
		F20DDD152566B7BD008381B9 /* Info.plist */ = {isa = PBXFileReference; lastKnownFileType = text.plist.xml; path = Info.plist; sourceTree = "<group>"; };
		F20DDD212566BAA0008381B9 /* MainViewController.swift */ = {isa = PBXFileReference; lastKnownFileType = sourcecode.swift; path = MainViewController.swift; sourceTree = "<group>"; };
		F20DDD282566BB11008381B9 /* Loader.swift */ = {isa = PBXFileReference; lastKnownFileType = sourcecode.swift; path = Loader.swift; sourceTree = "<group>"; };
		F20DDD2C2566BB33008381B9 /* Alert.swift */ = {isa = PBXFileReference; lastKnownFileType = sourcecode.swift; path = Alert.swift; sourceTree = "<group>"; };
		F20DDD2F2566BB55008381B9 /* InternetConnection.swift */ = {isa = PBXFileReference; lastKnownFileType = sourcecode.swift; path = InternetConnection.swift; sourceTree = "<group>"; };
		F20DDD322566BB6F008381B9 /* Constants.swift */ = {isa = PBXFileReference; lastKnownFileType = sourcecode.swift; path = Constants.swift; sourceTree = "<group>"; };
		F20DDD352566BB8B008381B9 /* NetworkManager.swift */ = {isa = PBXFileReference; lastKnownFileType = sourcecode.swift; path = NetworkManager.swift; sourceTree = "<group>"; };
		F20DDD382566BC07008381B9 /* News.swift */ = {isa = PBXFileReference; lastKnownFileType = sourcecode.swift; path = News.swift; sourceTree = "<group>"; };
		F20DDD3B2566BC19008381B9 /* Gif.swift */ = {isa = PBXFileReference; lastKnownFileType = sourcecode.swift; path = Gif.swift; sourceTree = "<group>"; };
		F20DDD3E2566BC2A008381B9 /* Variants.swift */ = {isa = PBXFileReference; lastKnownFileType = sourcecode.swift; path = Variants.swift; sourceTree = "<group>"; };
		F20DDD412566BC3E008381B9 /* Image.swift */ = {isa = PBXFileReference; lastKnownFileType = sourcecode.swift; path = Image.swift; sourceTree = "<group>"; };
		F20DDD442566BC4E008381B9 /* Source.swift */ = {isa = PBXFileReference; lastKnownFileType = sourcecode.swift; path = Source.swift; sourceTree = "<group>"; };
		F20DDD472566BC6D008381B9 /* ChildData.swift */ = {isa = PBXFileReference; lastKnownFileType = sourcecode.swift; path = ChildData.swift; sourceTree = "<group>"; };
		F20DDD4A2566BC8C008381B9 /* NewsData.swift */ = {isa = PBXFileReference; lastKnownFileType = sourcecode.swift; path = NewsData.swift; sourceTree = "<group>"; };
		F20DDD4D2566BC9C008381B9 /* Child.swift */ = {isa = PBXFileReference; lastKnownFileType = sourcecode.swift; path = Child.swift; sourceTree = "<group>"; };
		F20DDD502566BCAC008381B9 /* Preview.swift */ = {isa = PBXFileReference; lastKnownFileType = sourcecode.swift; path = Preview.swift; sourceTree = "<group>"; };
		F20DDD532566C36B008381B9 /* MainTableViewCell.swift */ = {isa = PBXFileReference; lastKnownFileType = sourcecode.swift; path = MainTableViewCell.swift; sourceTree = "<group>"; };
		F20DDD562566C608008381B9 /* ArticleViewController.swift */ = {isa = PBXFileReference; lastKnownFileType = sourcecode.swift; path = ArticleViewController.swift; sourceTree = "<group>"; };
/* End PBXFileReference section */

/* Begin PBXFrameworksBuildPhase section */
		F20DDCFE2566B7BC008381B9 /* Frameworks */ = {
			isa = PBXFrameworksBuildPhase;
			buildActionMask = 2147483647;
			files = (
			);
			runOnlyForDeploymentPostprocessing = 0;
		};
/* End PBXFrameworksBuildPhase section */

/* Begin PBXGroup section */
		F20DDCF82566B7BC008381B9 = {
			isa = PBXGroup;
			children = (
				F20DDD032566B7BC008381B9 /* SwiftNews */,
				F20DDD022566B7BC008381B9 /* Products */,
			);
			sourceTree = "<group>";
		};
		F20DDD022566B7BC008381B9 /* Products */ = {
			isa = PBXGroup;
			children = (
				F20DDD012566B7BC008381B9 /* SwiftNews.app */,
			);
			name = Products;
			sourceTree = "<group>";
		};
		F20DDD032566B7BC008381B9 /* SwiftNews */ = {
			isa = PBXGroup;
			children = (
				F20DDD042566B7BC008381B9 /* AppDelegate.swift */,
				F20DDD262566BAC8008381B9 /* Helper */,
				F20DDD252566BAC2008381B9 /* Network */,
				F20DDD242566BABB008381B9 /* Models */,
				F20DDD202566BA8D008381B9 /* Main View */,
				F20DDD272566BACD008381B9 /* Article View */,
				F20DDD0A2566B7BC008381B9 /* Main.storyboard */,
				F20DDD102566B7BD008381B9 /* Assets.xcassets */,
				F20DDD122566B7BD008381B9 /* LaunchScreen.storyboard */,
				F20DDD152566B7BD008381B9 /* Info.plist */,
				F20DDD0D2566B7BC008381B9 /* SwiftNews.xcdatamodeld */,
			);
			path = SwiftNews;
			sourceTree = "<group>";
		};
		F20DDD202566BA8D008381B9 /* Main View */ = {
			isa = PBXGroup;
			children = (
				F20DDD212566BAA0008381B9 /* MainViewController.swift */,
				F20DDD532566C36B008381B9 /* MainTableViewCell.swift */,
			);
			path = "Main View";
			sourceTree = "<group>";
		};
		F20DDD242566BABB008381B9 /* Models */ = {
			isa = PBXGroup;
			children = (
				F20DDD382566BC07008381B9 /* News.swift */,
				F20DDD3B2566BC19008381B9 /* Gif.swift */,
				F20DDD3E2566BC2A008381B9 /* Variants.swift */,
				F20DDD412566BC3E008381B9 /* Image.swift */,
				F20DDD442566BC4E008381B9 /* Source.swift */,
				F20DDD472566BC6D008381B9 /* ChildData.swift */,
				F20DDD4A2566BC8C008381B9 /* NewsData.swift */,
				F20DDD4D2566BC9C008381B9 /* Child.swift */,
				F20DDD502566BCAC008381B9 /* Preview.swift */,
			);
			path = Models;
			sourceTree = "<group>";
		};
		F20DDD252566BAC2008381B9 /* Network */ = {
			isa = PBXGroup;
			children = (
				F20DDD322566BB6F008381B9 /* Constants.swift */,
				F20DDD352566BB8B008381B9 /* NetworkManager.swift */,
			);
			path = Network;
			sourceTree = "<group>";
		};
		F20DDD262566BAC8008381B9 /* Helper */ = {
			isa = PBXGroup;
			children = (
				F20DDD282566BB11008381B9 /* Loader.swift */,
				F20DDD2C2566BB33008381B9 /* Alert.swift */,
				F20DDD2F2566BB55008381B9 /* InternetConnection.swift */,
			);
			path = Helper;
			sourceTree = "<group>";
		};
		F20DDD272566BACD008381B9 /* Article View */ = {
			isa = PBXGroup;
			children = (
				F20DDD562566C608008381B9 /* ArticleViewController.swift */,
			);
			path = "Article View";
			sourceTree = "<group>";
		};
/* End PBXGroup section */

/* Begin PBXNativeTarget section */
		F20DDD002566B7BC008381B9 /* SwiftNews */ = {
			isa = PBXNativeTarget;
			buildConfigurationList = F20DDD182566B7BD008381B9 /* Build configuration list for PBXNativeTarget "SwiftNews" */;
			buildPhases = (
				F20DDCFD2566B7BC008381B9 /* Sources */,
				F20DDCFE2566B7BC008381B9 /* Frameworks */,
				F20DDCFF2566B7BC008381B9 /* Resources */,
			);
			buildRules = (
			);
			dependencies = (
			);
			name = SwiftNews;
			productName = SwiftNews;
			productReference = F20DDD012566B7BC008381B9 /* SwiftNews.app */;
			productType = "com.apple.product-type.application";
		};
/* End PBXNativeTarget section */

/* Begin PBXProject section */
		F20DDCF92566B7BC008381B9 /* Project object */ = {
			isa = PBXProject;
			attributes = {
				LastSwiftUpdateCheck = 1220;
				LastUpgradeCheck = 1220;
				TargetAttributes = {
					F20DDD002566B7BC008381B9 = {
						CreatedOnToolsVersion = 12.2;
					};
				};
			};
			buildConfigurationList = F20DDCFC2566B7BC008381B9 /* Build configuration list for PBXProject "SwiftNews" */;
			compatibilityVersion = "Xcode 9.3";
			developmentRegion = en;
			hasScannedForEncodings = 0;
			knownRegions = (
				en,
				Base,
			);
			mainGroup = F20DDCF82566B7BC008381B9;
			productRefGroup = F20DDD022566B7BC008381B9 /* Products */;
			projectDirPath = "";
			projectRoot = "";
			targets = (
				F20DDD002566B7BC008381B9 /* SwiftNews */,
			);
		};
/* End PBXProject section */

/* Begin PBXResourcesBuildPhase section */
		F20DDCFF2566B7BC008381B9 /* Resources */ = {
			isa = PBXResourcesBuildPhase;
			buildActionMask = 2147483647;
			files = (
				F20DDD142566B7BD008381B9 /* LaunchScreen.storyboard in Resources */,
				F20DDD112566B7BD008381B9 /* Assets.xcassets in Resources */,
				F20DDD0C2566B7BC008381B9 /* Main.storyboard in Resources */,
			);
			runOnlyForDeploymentPostprocessing = 0;
		};
/* End PBXResourcesBuildPhase section */

/* Begin PBXSourcesBuildPhase section */
		F20DDCFD2566B7BC008381B9 /* Sources */ = {
			isa = PBXSourcesBuildPhase;
			buildActionMask = 2147483647;
			files = (
				F20DDD302566BB55008381B9 /* InternetConnection.swift in Sources */,
				F20DDD422566BC3E008381B9 /* Image.swift in Sources */,
				F20DDD222566BAA0008381B9 /* MainViewController.swift in Sources */,
				F20DDD0F2566B7BC008381B9 /* SwiftNews.xcdatamodeld in Sources */,
				F20DDD392566BC07008381B9 /* News.swift in Sources */,
				F20DDD3C2566BC19008381B9 /* Gif.swift in Sources */,
				F20DDD482566BC6D008381B9 /* ChildData.swift in Sources */,
				F20DDD512566BCAC008381B9 /* Preview.swift in Sources */,
				F20DDD292566BB11008381B9 /* Loader.swift in Sources */,
				F20DDD362566BB8B008381B9 /* NetworkManager.swift in Sources */,
				F20DDD542566C36B008381B9 /* MainTableViewCell.swift in Sources */,
				F20DDD332566BB6F008381B9 /* Constants.swift in Sources */,
				F20DDD4E2566BC9C008381B9 /* Child.swift in Sources */,
				F20DDD2D2566BB33008381B9 /* Alert.swift in Sources */,
				F20DDD572566C608008381B9 /* ArticleViewController.swift in Sources */,
				F20DDD3F2566BC2A008381B9 /* Variants.swift in Sources */,
				F20DDD052566B7BC008381B9 /* AppDelegate.swift in Sources */,
				F20DDD452566BC4F008381B9 /* Source.swift in Sources */,
				F20DDD4B2566BC8C008381B9 /* NewsData.swift in Sources */,
			);
			runOnlyForDeploymentPostprocessing = 0;
		};
/* End PBXSourcesBuildPhase section */

/* Begin PBXVariantGroup section */
		F20DDD0A2566B7BC008381B9 /* Main.storyboard */ = {
			isa = PBXVariantGroup;
			children = (
				F20DDD0B2566B7BC008381B9 /* Base */,
			);
			name = Main.storyboard;
			sourceTree = "<group>";
		};
		F20DDD122566B7BD008381B9 /* LaunchScreen.storyboard */ = {
			isa = PBXVariantGroup;
			children = (
				F20DDD132566B7BD008381B9 /* Base */,
			);
			name = LaunchScreen.storyboard;
			sourceTree = "<group>";
		};
/* End PBXVariantGroup section */

/* Begin XCBuildConfiguration section */
		F20DDD162566B7BD008381B9 /* Debug */ = {
			isa = XCBuildConfiguration;
			buildSettings = {
				ALWAYS_SEARCH_USER_PATHS = NO;
				CLANG_ANALYZER_NONNULL = YES;
				CLANG_ANALYZER_NUMBER_OBJECT_CONVERSION = YES_AGGRESSIVE;
				CLANG_CXX_LANGUAGE_STANDARD = "gnu++14";
				CLANG_CXX_LIBRARY = "libc++";
				CLANG_ENABLE_MODULES = YES;
				CLANG_ENABLE_OBJC_ARC = YES;
				CLANG_ENABLE_OBJC_WEAK = YES;
				CLANG_WARN_BLOCK_CAPTURE_AUTORELEASING = YES;
				CLANG_WARN_BOOL_CONVERSION = YES;
				CLANG_WARN_COMMA = YES;
				CLANG_WARN_CONSTANT_CONVERSION = YES;
				CLANG_WARN_DEPRECATED_OBJC_IMPLEMENTATIONS = YES;
				CLANG_WARN_DIRECT_OBJC_ISA_USAGE = YES_ERROR;
				CLANG_WARN_DOCUMENTATION_COMMENTS = YES;
				CLANG_WARN_EMPTY_BODY = YES;
				CLANG_WARN_ENUM_CONVERSION = YES;
				CLANG_WARN_INFINITE_RECURSION = YES;
				CLANG_WARN_INT_CONVERSION = YES;
				CLANG_WARN_NON_LITERAL_NULL_CONVERSION = YES;
				CLANG_WARN_OBJC_IMPLICIT_RETAIN_SELF = YES;
				CLANG_WARN_OBJC_LITERAL_CONVERSION = YES;
				CLANG_WARN_OBJC_ROOT_CLASS = YES_ERROR;
				CLANG_WARN_QUOTED_INCLUDE_IN_FRAMEWORK_HEADER = YES;
				CLANG_WARN_RANGE_LOOP_ANALYSIS = YES;
				CLANG_WARN_STRICT_PROTOTYPES = YES;
				CLANG_WARN_SUSPICIOUS_MOVE = YES;
				CLANG_WARN_UNGUARDED_AVAILABILITY = YES_AGGRESSIVE;
				CLANG_WARN_UNREACHABLE_CODE = YES;
				CLANG_WARN__DUPLICATE_METHOD_MATCH = YES;
				COPY_PHASE_STRIP = NO;
				DEBUG_INFORMATION_FORMAT = dwarf;
				ENABLE_STRICT_OBJC_MSGSEND = YES;
				ENABLE_TESTABILITY = YES;
				GCC_C_LANGUAGE_STANDARD = gnu11;
				GCC_DYNAMIC_NO_PIC = NO;
				GCC_NO_COMMON_BLOCKS = YES;
				GCC_OPTIMIZATION_LEVEL = 0;
				GCC_PREPROCESSOR_DEFINITIONS = (
					"DEBUG=1",
					"$(inherited)",
				);
				GCC_WARN_64_TO_32_BIT_CONVERSION = YES;
				GCC_WARN_ABOUT_RETURN_TYPE = YES_ERROR;
				GCC_WARN_UNDECLARED_SELECTOR = YES;
				GCC_WARN_UNINITIALIZED_AUTOS = YES_AGGRESSIVE;
				GCC_WARN_UNUSED_FUNCTION = YES;
				GCC_WARN_UNUSED_VARIABLE = YES;
				IPHONEOS_DEPLOYMENT_TARGET = 12.0;
				MTL_ENABLE_DEBUG_INFO = INCLUDE_SOURCE;
				MTL_FAST_MATH = YES;
				ONLY_ACTIVE_ARCH = YES;
				SDKROOT = iphoneos;
				SWIFT_ACTIVE_COMPILATION_CONDITIONS = DEBUG;
				SWIFT_OPTIMIZATION_LEVEL = "-Onone";
			};
			name = Debug;
		};
		F20DDD172566B7BD008381B9 /* Release */ = {
			isa = XCBuildConfiguration;
			buildSettings = {
				ALWAYS_SEARCH_USER_PATHS = NO;
				CLANG_ANALYZER_NONNULL = YES;
				CLANG_ANALYZER_NUMBER_OBJECT_CONVERSION = YES_AGGRESSIVE;
				CLANG_CXX_LANGUAGE_STANDARD = "gnu++14";
				CLANG_CXX_LIBRARY = "libc++";
				CLANG_ENABLE_MODULES = YES;
				CLANG_ENABLE_OBJC_ARC = YES;
				CLANG_ENABLE_OBJC_WEAK = YES;
				CLANG_WARN_BLOCK_CAPTURE_AUTORELEASING = YES;
				CLANG_WARN_BOOL_CONVERSION = YES;
				CLANG_WARN_COMMA = YES;
				CLANG_WARN_CONSTANT_CONVERSION = YES;
				CLANG_WARN_DEPRECATED_OBJC_IMPLEMENTATIONS = YES;
				CLANG_WARN_DIRECT_OBJC_ISA_USAGE = YES_ERROR;
				CLANG_WARN_DOCUMENTATION_COMMENTS = YES;
				CLANG_WARN_EMPTY_BODY = YES;
				CLANG_WARN_ENUM_CONVERSION = YES;
				CLANG_WARN_INFINITE_RECURSION = YES;
				CLANG_WARN_INT_CONVERSION = YES;
				CLANG_WARN_NON_LITERAL_NULL_CONVERSION = YES;
				CLANG_WARN_OBJC_IMPLICIT_RETAIN_SELF = YES;
				CLANG_WARN_OBJC_LITERAL_CONVERSION = YES;
				CLANG_WARN_OBJC_ROOT_CLASS = YES_ERROR;
				CLANG_WARN_QUOTED_INCLUDE_IN_FRAMEWORK_HEADER = YES;
				CLANG_WARN_RANGE_LOOP_ANALYSIS = YES;
				CLANG_WARN_STRICT_PROTOTYPES = YES;
				CLANG_WARN_SUSPICIOUS_MOVE = YES;
				CLANG_WARN_UNGUARDED_AVAILABILITY = YES_AGGRESSIVE;
				CLANG_WARN_UNREACHABLE_CODE = YES;
				CLANG_WARN__DUPLICATE_METHOD_MATCH = YES;
				COPY_PHASE_STRIP = NO;
				DEBUG_INFORMATION_FORMAT = "dwarf-with-dsym";
				ENABLE_NS_ASSERTIONS = NO;
				ENABLE_STRICT_OBJC_MSGSEND = YES;
				GCC_C_LANGUAGE_STANDARD = gnu11;
				GCC_NO_COMMON_BLOCKS = YES;
				GCC_WARN_64_TO_32_BIT_CONVERSION = YES;
				GCC_WARN_ABOUT_RETURN_TYPE = YES_ERROR;
				GCC_WARN_UNDECLARED_SELECTOR = YES;
				GCC_WARN_UNINITIALIZED_AUTOS = YES_AGGRESSIVE;
				GCC_WARN_UNUSED_FUNCTION = YES;
				GCC_WARN_UNUSED_VARIABLE = YES;
				IPHONEOS_DEPLOYMENT_TARGET = 12.0;
				MTL_ENABLE_DEBUG_INFO = NO;
				MTL_FAST_MATH = YES;
				SDKROOT = iphoneos;
				SWIFT_COMPILATION_MODE = wholemodule;
				SWIFT_OPTIMIZATION_LEVEL = "-O";
				VALIDATE_PRODUCT = YES;
			};
			name = Release;
		};
		F20DDD192566B7BD008381B9 /* Debug */ = {
			isa = XCBuildConfiguration;
			buildSettings = {
				ASSETCATALOG_COMPILER_APPICON_NAME = AppIcon;
				ASSETCATALOG_COMPILER_GLOBAL_ACCENT_COLOR_NAME = AccentColor;
				CODE_SIGN_STYLE = Automatic;
				DEVELOPMENT_TEAM = JLW4BJM3PK;
				INFOPLIST_FILE = SwiftNews/Info.plist;
				IPHONEOS_DEPLOYMENT_TARGET = 12.0;
				LD_RUNPATH_SEARCH_PATHS = (
					"$(inherited)",
					"@executable_path/Frameworks",
				);
				PRODUCT_BUNDLE_IDENTIFIER = com.aakash.SwiftNews;
				PRODUCT_NAME = "$(TARGET_NAME)";
				SWIFT_VERSION = 5.0;
				TARGETED_DEVICE_FAMILY = "1,2";
			};
			name = Debug;
		};
		F20DDD1A2566B7BD008381B9 /* Release */ = {
			isa = XCBuildConfiguration;
			buildSettings = {
				ASSETCATALOG_COMPILER_APPICON_NAME = AppIcon;
				ASSETCATALOG_COMPILER_GLOBAL_ACCENT_COLOR_NAME = AccentColor;
				CODE_SIGN_STYLE = Automatic;
				DEVELOPMENT_TEAM = JLW4BJM3PK;
				INFOPLIST_FILE = SwiftNews/Info.plist;
				IPHONEOS_DEPLOYMENT_TARGET = 12.0;
				LD_RUNPATH_SEARCH_PATHS = (
					"$(inherited)",
					"@executable_path/Frameworks",
				);
				PRODUCT_BUNDLE_IDENTIFIER = com.aakash.SwiftNews;
				PRODUCT_NAME = "$(TARGET_NAME)";
				SWIFT_VERSION = 5.0;
				TARGETED_DEVICE_FAMILY = "1,2";
			};
			name = Release;
		};
/* End XCBuildConfiguration section */

/* Begin XCConfigurationList section */
		F20DDCFC2566B7BC008381B9 /* Build configuration list for PBXProject "SwiftNews" */ = {
			isa = XCConfigurationList;
			buildConfigurations = (
				F20DDD162566B7BD008381B9 /* Debug */,
				F20DDD172566B7BD008381B9 /* Release */,
			);
			defaultConfigurationIsVisible = 0;
			defaultConfigurationName = Release;
		};
		F20DDD182566B7BD008381B9 /* Build configuration list for PBXNativeTarget "SwiftNews" */ = {
			isa = XCConfigurationList;
			buildConfigurations = (
				F20DDD192566B7BD008381B9 /* Debug */,
				F20DDD1A2566B7BD008381B9 /* Release */,
			);
			defaultConfigurationIsVisible = 0;
			defaultConfigurationName = Release;
		};
/* End XCConfigurationList section */

/* Begin XCVersionGroup section */
		F20DDD0D2566B7BC008381B9 /* SwiftNews.xcdatamodeld */ = {
			isa = XCVersionGroup;
			children = (
				F20DDD0E2566B7BC008381B9 /* SwiftNews.xcdatamodel */,
			);
			currentVersion = F20DDD0E2566B7BC008381B9 /* SwiftNews.xcdatamodel */;
			path = SwiftNews.xcdatamodeld;
			sourceTree = "<group>";
			versionGroupType = wrapper.xcdatamodel;
		};
/* End XCVersionGroup section */
	};
	rootObject = F20DDCF92566B7BC008381B9 /* Project object */;
}
